<?xml version="1.0" encoding="utf-8"?>
<Project ToolsVersion="4.0" xmlns="http://schemas.microsoft.com/developer/msbuild/2003">
  <ItemGroup>
    <Filter Include="src">
      <UniqueIdentifier>{761deadd-0d37-482c-bb55-fc61fff4b7a0}</UniqueIdentifier>
    </Filter>
    <Filter Include="src\sourceFiles">
      <UniqueIdentifier>{534cedd3-7db5-405b-bd8f-60a1455f8eac}</UniqueIdentifier>
    </Filter>
    <Filter Include="src\headerFiles">
      <UniqueIdentifier>{7b239db8-4f32-4d51-98c1-2a6fcc1f5e19}</UniqueIdentifier>
    </Filter>
  </ItemGroup>
  <ItemGroup>
    <ClCompile Include="src\sourceFiles\main.cpp">
      <Filter>src\sourceFiles</Filter>
    </ClCompile>
    <ClCompile Include="src\sourceFiles\audio.cpp">
      <Filter>src\sourceFiles</Filter>
    </ClCompile>
  </ItemGroup>
  <ItemGroup>
    <ClInclude Include="src\headerFiles\stdafx.h">
      <Filter>src\headerFiles</Filter>
    </ClInclude>
    <ClInclude Include="src\headerFiles\audio.hpp">
      <Filter>src\headerFiles</Filter>
    </ClInclude>
  </ItemGroup>
  <ItemGroup>
    <Text Include="src\resources\docs.txt">
      <Filter>src</Filter>
    </Text>
  </ItemGroup>
</Project>